
Microsoft Visual Studio Solution File, Format Version 12.00
# Visual Studio 15
VisualStudioVersion = 15.0.27703.2035
MinimumVisualStudioVersion = 10.0.40219.1
Project("{9A19103F-16F7-4668-BE54-9A1E7A4F7556}") = "AMS.Storage", "AMS.Storage\AMS.Storage.csproj", "{73819940-A6F2-4EFF-B3D0-62093766974A}"
EndProject
Project("{9A19103F-16F7-4668-BE54-9A1E7A4F7556}") = "AMS.Service", "AMS.Service\AMS.Service.csproj", "{5E8A5A97-7AD5-4A8F-BAEF-1C7DAAE0B375}"
EndProject
Project("{2150E333-8FDC-42A3-9474-1A3956D46DE8}") = "01.Core", "01.Core", "{C24FB2EA-07EB-49C7-9331-D662B527E1F9}"
	ProjectSection(SolutionItems) = preProject
		Exception.xml = Exception.xml
	EndProjectSection
EndProject
Project("{9A19103F-16F7-4668-BE54-9A1E7A4F7556}") = "AMS.Core", "AMS.Core\AMS.Core.csproj", "{6F80C213-C489-4DE0-8860-5189D4F52DCC}"
EndProject
Project("{2150E333-8FDC-42A3-9474-1A3956D46DE8}") = "02.Storeage", "02.Storeage", "{31710744-2391-40CA-827F-5475BF4F9557}"
EndProject
Project("{2150E333-8FDC-42A3-9474-1A3956D46DE8}") = "03.Service", "03.Service", "{225C33FA-C576-4CAB-AA69-9F5496890B11}"
EndProject
Project("{2150E333-8FDC-42A3-9474-1A3956D46DE8}") = "04.API", "04.API", "{72FDA9D8-C80E-4C91-B309-CD1D1C544EE2}"
EndProject
Project("{2150E333-8FDC-42A3-9474-1A3956D46DE8}") = "05.Test", "05.Test", "{6DBF3AAE-E7E5-480C-92FF-6041E818D4EB}"
EndProject
Project("{9A19103F-16F7-4668-BE54-9A1E7A4F7556}") = "AMS.Models", "AMS.Models\AMS.Models.csproj", "{88040900-B6BA-4CAF-9349-0BE490006E02}"
EndProject
Project("{9A19103F-16F7-4668-BE54-9A1E7A4F7556}") = "AMS.API", "AMS.API\AMS.API.csproj", "{332FB4CA-C67C-4DCD-A5F0-C7EA90388927}"
EndProject
Project("{9A19103F-16F7-4668-BE54-9A1E7A4F7556}") = "AMS.Dto", "AMS.Dto\AMS.Dto.csproj", "{FB01BFB6-253C-4FC5-89A6-7AC1581932F4}"
EndProject
Project("{9A19103F-16F7-4668-BE54-9A1E7A4F7556}") = "AMS.TestWeb", "AMS.TestWeb\AMS.TestWeb.csproj", "{68FF8D71-4E63-4A16-B27D-930BC4A94136}"
EndProject
Project("{9A19103F-16F7-4668-BE54-9A1E7A4F7556}") = "AMS.Anticorrosion", "AMS.Anticorrosion\AMS.Anticorrosion.csproj", "{2C3549E9-E254-4F64-8A28-F5C6B60AF575}"
EndProject
Project("{9A19103F-16F7-4668-BE54-9A1E7A4F7556}") = "AMS.SDK", "AMS.SDK\AMS.SDK.csproj", "{9BD9BD26-D825-42D0-9E70-1A5BD27AE210}"
EndProject
Global
	GlobalSection(SolutionConfigurationPlatforms) = preSolution
		Debug|Any CPU = Debug|Any CPU
		Release|Any CPU = Release|Any CPU
	EndGlobalSection
	GlobalSection(ProjectConfigurationPlatforms) = postSolution
		{73819940-A6F2-4EFF-B3D0-62093766974A}.Debug|Any CPU.ActiveCfg = Debug|Any CPU
		{73819940-A6F2-4EFF-B3D0-62093766974A}.Debug|Any CPU.Build.0 = Debug|Any CPU
		{73819940-A6F2-4EFF-B3D0-62093766974A}.Release|Any CPU.ActiveCfg = Release|Any CPU
		{73819940-A6F2-4EFF-B3D0-62093766974A}.Release|Any CPU.Build.0 = Release|Any CPU
		{5E8A5A97-7AD5-4A8F-BAEF-1C7DAAE0B375}.Debug|Any CPU.ActiveCfg = Debug|Any CPU
		{5E8A5A97-7AD5-4A8F-BAEF-1C7DAAE0B375}.Debug|Any CPU.Build.0 = Debug|Any CPU
		{5E8A5A97-7AD5-4A8F-BAEF-1C7DAAE0B375}.Release|Any CPU.ActiveCfg = Release|Any CPU
		{5E8A5A97-7AD5-4A8F-BAEF-1C7DAAE0B375}.Release|Any CPU.Build.0 = Release|Any CPU
		{6F80C213-C489-4DE0-8860-5189D4F52DCC}.Debug|Any CPU.ActiveCfg = Debug|Any CPU
		{6F80C213-C489-4DE0-8860-5189D4F52DCC}.Debug|Any CPU.Build.0 = Debug|Any CPU
		{6F80C213-C489-4DE0-8860-5189D4F52DCC}.Release|Any CPU.ActiveCfg = Release|Any CPU
		{6F80C213-C489-4DE0-8860-5189D4F52DCC}.Release|Any CPU.Build.0 = Release|Any CPU
		{88040900-B6BA-4CAF-9349-0BE490006E02}.Debug|Any CPU.ActiveCfg = Debug|Any CPU
		{88040900-B6BA-4CAF-9349-0BE490006E02}.Debug|Any CPU.Build.0 = Debug|Any CPU
		{88040900-B6BA-4CAF-9349-0BE490006E02}.Release|Any CPU.ActiveCfg = Release|Any CPU
		{88040900-B6BA-4CAF-9349-0BE490006E02}.Release|Any CPU.Build.0 = Release|Any CPU
		{332FB4CA-C67C-4DCD-A5F0-C7EA90388927}.Debug|Any CPU.ActiveCfg = Debug|Any CPU
		{332FB4CA-C67C-4DCD-A5F0-C7EA90388927}.Debug|Any CPU.Build.0 = Debug|Any CPU
		{332FB4CA-C67C-4DCD-A5F0-C7EA90388927}.Release|Any CPU.ActiveCfg = Release|Any CPU
		{332FB4CA-C67C-4DCD-A5F0-C7EA90388927}.Release|Any CPU.Build.0 = Release|Any CPU
		{FB01BFB6-253C-4FC5-89A6-7AC1581932F4}.Debug|Any CPU.ActiveCfg = Debug|Any CPU
		{FB01BFB6-253C-4FC5-89A6-7AC1581932F4}.Debug|Any CPU.Build.0 = Debug|Any CPU
		{FB01BFB6-253C-4FC5-89A6-7AC1581932F4}.Release|Any CPU.ActiveCfg = Release|Any CPU
		{FB01BFB6-253C-4FC5-89A6-7AC1581932F4}.Release|Any CPU.Build.0 = Release|Any CPU
		{68FF8D71-4E63-4A16-B27D-930BC4A94136}.Debug|Any CPU.ActiveCfg = Debug|Any CPU
		{68FF8D71-4E63-4A16-B27D-930BC4A94136}.Debug|Any CPU.Build.0 = Debug|Any CPU
		{68FF8D71-4E63-4A16-B27D-930BC4A94136}.Release|Any CPU.ActiveCfg = Release|Any CPU
		{68FF8D71-4E63-4A16-B27D-930BC4A94136}.Release|Any CPU.Build.0 = Release|Any CPU
		{2C3549E9-E254-4F64-8A28-F5C6B60AF575}.Debug|Any CPU.ActiveCfg = Debug|Any CPU
		{2C3549E9-E254-4F64-8A28-F5C6B60AF575}.Debug|Any CPU.Build.0 = Debug|Any CPU
		{2C3549E9-E254-4F64-8A28-F5C6B60AF575}.Release|Any CPU.ActiveCfg = Release|Any CPU
		{2C3549E9-E254-4F64-8A28-F5C6B60AF575}.Release|Any CPU.Build.0 = Release|Any CPU
		{9BD9BD26-D825-42D0-9E70-1A5BD27AE210}.Debug|Any CPU.ActiveCfg = Debug|Any CPU
		{9BD9BD26-D825-42D0-9E70-1A5BD27AE210}.Debug|Any CPU.Build.0 = Debug|Any CPU
		{9BD9BD26-D825-42D0-9E70-1A5BD27AE210}.Release|Any CPU.ActiveCfg = Release|Any CPU
		{9BD9BD26-D825-42D0-9E70-1A5BD27AE210}.Release|Any CPU.Build.0 = Release|Any CPU
	EndGlobalSection
	GlobalSection(SolutionProperties) = preSolution
		HideSolutionNode = FALSE
	EndGlobalSection
	GlobalSection(NestedProjects) = preSolution
		{73819940-A6F2-4EFF-B3D0-62093766974A} = {31710744-2391-40CA-827F-5475BF4F9557}
		{5E8A5A97-7AD5-4A8F-BAEF-1C7DAAE0B375} = {225C33FA-C576-4CAB-AA69-9F5496890B11}
		{6F80C213-C489-4DE0-8860-5189D4F52DCC} = {C24FB2EA-07EB-49C7-9331-D662B527E1F9}
		{88040900-B6BA-4CAF-9349-0BE490006E02} = {31710744-2391-40CA-827F-5475BF4F9557}
		{332FB4CA-C67C-4DCD-A5F0-C7EA90388927} = {72FDA9D8-C80E-4C91-B309-CD1D1C544EE2}
		{FB01BFB6-253C-4FC5-89A6-7AC1581932F4} = {225C33FA-C576-4CAB-AA69-9F5496890B11}
		{68FF8D71-4E63-4A16-B27D-930BC4A94136} = {6DBF3AAE-E7E5-480C-92FF-6041E818D4EB}
		{2C3549E9-E254-4F64-8A28-F5C6B60AF575} = {225C33FA-C576-4CAB-AA69-9F5496890B11}
		{9BD9BD26-D825-42D0-9E70-1A5BD27AE210} = {72FDA9D8-C80E-4C91-B309-CD1D1C544EE2}
	EndGlobalSection
	GlobalSection(ExtensibilityGlobals) = postSolution
		SolutionGuid = {0808A45D-E05E-4D2E-9913-4C87542B6CAF}
	EndGlobalSection
EndGlobal
